
Microsoft Visual Studio Solution File, Format Version 12.00
# Visual Studio 15
VisualStudioVersion = 15.0.28010.2050
MinimumVisualStudioVersion = 10.0.40219.1
Project("{2150E333-8FDC-42A3-9474-1A3956D46DE8}") = "src", "src", "{8C67D6D2-7B52-433B-81B0-A64BF604EC30}"
EndProject
Project("{2150E333-8FDC-42A3-9474-1A3956D46DE8}") = "tests", "tests", "{CEBD5F19-F434-42F7-8E30-0019313E2236}"
EndProject
Project("{9A19103F-16F7-4668-BE54-9A1E7A4F7556}") = "MoviesCup.Api", "src\MoviesCup.Api\MoviesCup.Api.csproj", "{4D4491B5-669F-4A1F-BB74-5F51C0E1E73B}"
EndProject
Project("{9A19103F-16F7-4668-BE54-9A1E7A4F7556}") = "MoviesCup.Application", "src\MoviesCup.Application\MoviesCup.Application.csproj", "{864118AC-9BC2-4E07-BC1E-C601C0C5DD33}"
EndProject
Project("{FAE04EC0-301F-11D3-BF4B-00C04F79EFBC}") = "MoviesCup.Domain", "src\MoviesCup.Domain\MoviesCup.Domain.csproj", "{1D2AB978-373C-4140-ABF2-351DE644838D}"
EndProject
Project("{FAE04EC0-301F-11D3-BF4B-00C04F79EFBC}") = "MoviesCup.Infra.Data", "src\MoviesCup.Infra.Data\MoviesCup.Infra.Data.csproj", "{8C7CD25F-7737-49A6-AD11-13F768C5F3C2}"
EndProject
Project("{FAE04EC0-301F-11D3-BF4B-00C04F79EFBC}") = "MoviesCup.Infra.Ioc", "src\MoviesCup.Infra.Ioc\MoviesCup.Infra.Ioc.csproj", "{577E9BBB-E426-4DB8-AE8E-04FB14F58E34}"
EndProject
Project("{FAE04EC0-301F-11D3-BF4B-00C04F79EFBC}") = "MoviesCup.Tests", "tests\MoviesCup.Tests\MoviesCup.Tests.csproj", "{DE74101C-6F9E-46E8-A71F-304D6136C15F}"
EndProject
Global
	GlobalSection(SolutionConfigurationPlatforms) = preSolution
		Debug|Any CPU = Debug|Any CPU
		Release|Any CPU = Release|Any CPU
	EndGlobalSection
	GlobalSection(ProjectConfigurationPlatforms) = postSolution
		{4D4491B5-669F-4A1F-BB74-5F51C0E1E73B}.Debug|Any CPU.ActiveCfg = Debug|Any CPU
		{4D4491B5-669F-4A1F-BB74-5F51C0E1E73B}.Debug|Any CPU.Build.0 = Debug|Any CPU
		{4D4491B5-669F-4A1F-BB74-5F51C0E1E73B}.Release|Any CPU.ActiveCfg = Release|Any CPU
		{4D4491B5-669F-4A1F-BB74-5F51C0E1E73B}.Release|Any CPU.Build.0 = Release|Any CPU
		{864118AC-9BC2-4E07-BC1E-C601C0C5DD33}.Debug|Any CPU.ActiveCfg = Debug|Any CPU
		{864118AC-9BC2-4E07-BC1E-C601C0C5DD33}.Debug|Any CPU.Build.0 = Debug|Any CPU
		{864118AC-9BC2-4E07-BC1E-C601C0C5DD33}.Release|Any CPU.ActiveCfg = Release|Any CPU
		{864118AC-9BC2-4E07-BC1E-C601C0C5DD33}.Release|Any CPU.Build.0 = Release|Any CPU
		{1D2AB978-373C-4140-ABF2-351DE644838D}.Debug|Any CPU.ActiveCfg = Debug|Any CPU
		{1D2AB978-373C-4140-ABF2-351DE644838D}.Debug|Any CPU.Build.0 = Debug|Any CPU
		{1D2AB978-373C-4140-ABF2-351DE644838D}.Release|Any CPU.ActiveCfg = Release|Any CPU
		{1D2AB978-373C-4140-ABF2-351DE644838D}.Release|Any CPU.Build.0 = Release|Any CPU
		{8C7CD25F-7737-49A6-AD11-13F768C5F3C2}.Debug|Any CPU.ActiveCfg = Debug|Any CPU
		{8C7CD25F-7737-49A6-AD11-13F768C5F3C2}.Debug|Any CPU.Build.0 = Debug|Any CPU
		{8C7CD25F-7737-49A6-AD11-13F768C5F3C2}.Release|Any CPU.ActiveCfg = Release|Any CPU
		{8C7CD25F-7737-49A6-AD11-13F768C5F3C2}.Release|Any CPU.Build.0 = Release|Any CPU
		{577E9BBB-E426-4DB8-AE8E-04FB14F58E34}.Debug|Any CPU.ActiveCfg = Debug|Any CPU
		{577E9BBB-E426-4DB8-AE8E-04FB14F58E34}.Debug|Any CPU.Build.0 = Debug|Any CPU
		{577E9BBB-E426-4DB8-AE8E-04FB14F58E34}.Release|Any CPU.ActiveCfg = Release|Any CPU
		{577E9BBB-E426-4DB8-AE8E-04FB14F58E34}.Release|Any CPU.Build.0 = Release|Any CPU
		{DE74101C-6F9E-46E8-A71F-304D6136C15F}.Debug|Any CPU.ActiveCfg = Debug|Any CPU
		{DE74101C-6F9E-46E8-A71F-304D6136C15F}.Debug|Any CPU.Build.0 = Debug|Any CPU
		{DE74101C-6F9E-46E8-A71F-304D6136C15F}.Release|Any CPU.ActiveCfg = Release|Any CPU
		{DE74101C-6F9E-46E8-A71F-304D6136C15F}.Release|Any CPU.Build.0 = Release|Any CPU
	EndGlobalSection
	GlobalSection(SolutionProperties) = preSolution
		HideSolutionNode = FALSE
	EndGlobalSection
	GlobalSection(NestedProjects) = preSolution
		{4D4491B5-669F-4A1F-BB74-5F51C0E1E73B} = {8C67D6D2-7B52-433B-81B0-A64BF604EC30}
		{864118AC-9BC2-4E07-BC1E-C601C0C5DD33} = {8C67D6D2-7B52-433B-81B0-A64BF604EC30}
		{1D2AB978-373C-4140-ABF2-351DE644838D} = {8C67D6D2-7B52-433B-81B0-A64BF604EC30}
		{8C7CD25F-7737-49A6-AD11-13F768C5F3C2} = {8C67D6D2-7B52-433B-81B0-A64BF604EC30}
		{577E9BBB-E426-4DB8-AE8E-04FB14F58E34} = {8C67D6D2-7B52-433B-81B0-A64BF604EC30}
		{DE74101C-6F9E-46E8-A71F-304D6136C15F} = {CEBD5F19-F434-42F7-8E30-0019313E2236}
	EndGlobalSection
	GlobalSection(ExtensibilityGlobals) = postSolution
		SolutionGuid = {AB269546-AB2B-4C64-9D7A-67171F137A01}
	EndGlobalSection
EndGlobal
